
Microsoft Visual Studio Solution File, Format Version 12.00
# Visual Studio 15
VisualStudioVersion = 15.0.27703.2026
MinimumVisualStudioVersion = 10.0.40219.1
Project("{FAE04EC0-301F-11D3-BF4B-00C04F79EFBC}") = "RomanNumeralConsole", "RomanNumeralConsole\RomanNumeralConsole.csproj", "{53D10BF9-3237-4CF6-A0A2-EAC9963AF1E9}"
EndProject
Project("{9A19103F-16F7-4668-BE54-9A1E7A4F7556}") = "RomanNumeralTest", "RomanNumeralTest\RomanNumeralTest.csproj", "{2CCD60DE-F0C5-4C71-93B5-C3FC4F9B30AE}"
EndProject
Global
	GlobalSection(SolutionConfigurationPlatforms) = preSolution
		Debug|Any CPU = Debug|Any CPU
		Release|Any CPU = Release|Any CPU
	EndGlobalSection
	GlobalSection(ProjectConfigurationPlatforms) = postSolution
		{53D10BF9-3237-4CF6-A0A2-EAC9963AF1E9}.Debug|Any CPU.ActiveCfg = Debug|Any CPU
		{53D10BF9-3237-4CF6-A0A2-EAC9963AF1E9}.Debug|Any CPU.Build.0 = Debug|Any CPU
		{53D10BF9-3237-4CF6-A0A2-EAC9963AF1E9}.Release|Any CPU.ActiveCfg = Release|Any CPU
		{53D10BF9-3237-4CF6-A0A2-EAC9963AF1E9}.Release|Any CPU.Build.0 = Release|Any CPU
		{2CCD60DE-F0C5-4C71-93B5-C3FC4F9B30AE}.Debug|Any CPU.ActiveCfg = Debug|Any CPU
		{2CCD60DE-F0C5-4C71-93B5-C3FC4F9B30AE}.Debug|Any CPU.Build.0 = Debug|Any CPU
		{2CCD60DE-F0C5-4C71-93B5-C3FC4F9B30AE}.Release|Any CPU.ActiveCfg = Release|Any CPU
		{2CCD60DE-F0C5-4C71-93B5-C3FC4F9B30AE}.Release|Any CPU.Build.0 = Release|Any CPU
	EndGlobalSection
	GlobalSection(SolutionProperties) = preSolution
		HideSolutionNode = FALSE
	EndGlobalSection
	GlobalSection(ExtensibilityGlobals) = postSolution
		SolutionGuid = {73F32C32-49D9-4606-9CA7-B7E71D69247D}
	EndGlobalSection
EndGlobal
